{
    "_meta": {
        "hash": {
            "sha256": "2216250dc2e8ba16af4b6ed55a72b0b86f5ad1c142c6017485cbb72222d1fddb"
        },
        "pipfile-spec": 6,
        "requires": {
            "python_version": "3.8"
        },
        "sources": [
            {
                "name": "pypi",
                "url": "https://pypi.org/simple",
                "verify_ssl": true
            }
        ]
    },
    "default": {
        "certifi": {
            "hashes": [
                "sha256:2bbf76fd432960138b3ef6dda3dde0544f27cbf8546c458e60baf371917ba9ee",
                "sha256:50b1e4f8446b06f41be7dd6338db18e0990601dce795c2b1686458aa7e8fa7d8"
            ],
            "version": "==2021.5.30"
        },
        "cgroups": {
            "hashes": [
                "sha256:719e77fe6140c1cc147ac6d52d6c728227ef659be45aebe623cbb145158e1acd"
            ],
            "index": "pypi",
            "version": "==0.1.0"
        },
        "chardet": {
            "hashes": [
                "sha256:0d6f53a15db4120f2b08c94f11e7d93d2c911ee118b6b30a04ec3ee8310179fa",
                "sha256:f864054d66fd9118f2e67044ac8981a54775ec5b67aed0441892edb553d21da5"
            ],
            "markers": "python_version >= '2.7' and python_version not in '3.0, 3.1, 3.2, 3.3, 3.4'",
            "version": "==4.0.0"
        },
        "click": {
            "hashes": [
                "sha256:8c04c11192119b1ef78ea049e0a6f0463e4c48ef00a30160c704337586f3ad7a",
                "sha256:fba402a4a47334742d782209a7c79bc448911afe1149d07bdabdf480b3e2f4b6"
            ],
            "index": "pypi",
            "version": "==8.0.1"
        },
        "idna": {
            "hashes": [
                "sha256:b307872f855b18632ce0c21c5e45be78c0ea7ae4c15c828c20788b26921eb3f6",
                "sha256:b97d804b1e9b523befed77c48dacec60e6dcb0b5391d57af6a65a312a90648c0"
            ],
            "markers": "python_version >= '2.7' and python_version not in '3.0, 3.1, 3.2, 3.3'",
            "version": "==2.10"
        },
        "pyroute2": {
            "hashes": [
                "sha256:560b48a751b1150056ba553c89a31d563cc18ae2675b3793666adcaeb4fabfda"
            ],
            "index": "pypi",
            "version": "==0.6.4"
        },
        "pyroute2.core": {
            "hashes": [
                "sha256:453dee5241e32994fb0ccad4c1a54fc98353fec35690653ccf95617b54e3a5cd"
            ],
            "version": "==0.6.4"
        },
        "pyroute2.ethtool": {
            "hashes": [
                "sha256:fa848c8a04eba0a4ce454c0ab5a5be4f10d6dc6fd19dc92a93bae561ade89d13"
            ],
            "version": "==0.6.4"
        },
        "pyroute2.ipdb": {
            "hashes": [
                "sha256:e53c18f293890fab72d4f6cdebf5c7c6e14c9452f0d04b13184ce134e0c19d64"
            ],
            "version": "==0.6.4"
        },
        "pyroute2.ipset": {
            "hashes": [
                "sha256:57a694198bf83c68711e812380dbaaa116dde9fb6a8ab3bfa1f3434040024f2f"
            ],
            "version": "==0.6.4"
        },
        "pyroute2.ndb": {
            "hashes": [
                "sha256:7693e6327b973034b92d9451b215342e16d86f477d1b4a626fd01e6eacf07760"
            ],
            "version": "==0.6.4"
        },
        "pyroute2.nftables": {
            "hashes": [
                "sha256:c176ffeee5815418dc462904d420c2eebb9cb1f9361c5d9925d34583e0494856"
            ],
            "version": "==0.6.4"
        },
        "pyroute2.nslink": {
            "hashes": [
                "sha256:33e68a9431cb5fa0663d508f3670ee4e20d5fabd8d0b0a6144c7f40276dee447"
            ],
            "version": "==0.6.4"
        },
        "python-iptables": {
            "hashes": [
                "sha256:480470adb5f29bf84269b4e53dbad9623af91c79aa666cc0274dec199a555bc5"
            ],
            "index": "pypi",
            "version": "==1.0.0"
        },
        "requests": {
            "hashes": [
                "sha256:27973dd4a904a4f13b263a19c866c13b92a39ed1c964655f025f3f8d3d75b804",
                "sha256:c210084e36a42ae6b9219e00e48287def368a26d03a048ddad7bfee44f75871e"
            ],
            "index": "pypi",
            "version": "==2.25.1"
        },
        "terminaltables": {
            "hashes": [
                "sha256:f3eb0eb92e3833972ac36796293ca0906e998dc3be91fbe1f8615b331b853b81"
            ],
            "index": "pypi",
            "version": "==3.1.0"
        },
        "urllib3": {
            "hashes": [
                "sha256:39fb8672126159acb139a7718dd10806104dec1e2f0f6c88aab05d17df10c8d4",
                "sha256:f57b4c16c62fa2760b7e3d97c35b255512fb6b59a259730f36ba32ce9f8e342f"
            ],
            "markers": "python_version >= '2.7' and python_version not in '3.0, 3.1, 3.2, 3.3, 3.4' and python_version < '4'",
            "version": "==1.26.6"
        }
    },
    "develop": {}
}
